{
  "version": 4,
  "terraform_version": "1.0.5",
  "serial": 175,
  "lineage": "20d46227-3044-67fd-1a9d-a96fc54eada7",
  "outputs": {
    "get_id_vpc": {
      "value": "vpc-089863aa3033db500",
      "type": "string"
    }
  },
  "resources": [
    {
      "mode": "data",
      "type": "aws_ami",
      "name": "ubuntu",
      "provider": "provider[\"registry.terraform.io/hashicorp/aws\"]",
      "instances": [
        {
          "schema_version": 0,
          "attributes": {
            "architecture": "x86_64",
            "arn": "arn:aws:ec2:us-east-1::image/ami-03a80f322a6053f85",
            "block_device_mappings": [
              {
                "device_name": "/dev/sda1",
                "ebs": {
                  "delete_on_termination": "true",
                  "encrypted": "false",
                  "iops": "0",
                  "snapshot_id": "snap-06e88d78b636b5fbc",
                  "throughput": "0",
                  "volume_size": "8",
                  "volume_type": "gp2"
                },
                "no_device": "",
                "virtual_name": ""
              },
              {
                "device_name": "/dev/sdb",
                "ebs": {},
                "no_device": "",
                "virtual_name": "ephemeral0"
              },
              {
                "device_name": "/dev/sdc",
                "ebs": {},
                "no_device": "",
                "virtual_name": "ephemeral1"
              }
            ],
            "creation_date": "2021-09-08T01:41:24.000Z",
            "description": "Canonical, Ubuntu, 20.04 LTS, amd64 focal image build on 2021-09-07",
            "ena_support": true,
            "executable_users": null,
            "filter": [
              {
                "name": "name",
                "values": [
                  "ubuntu/images/hvm-ssd/ubuntu-focal-20.04-amd64-server-*"
                ]
              },
              {
                "name": "virtualization-type",
                "values": [
                  "hvm"
                ]
              }
            ],
            "hypervisor": "xen",
            "id": "ami-03a80f322a6053f85",
            "image_id": "ami-03a80f322a6053f85",
            "image_location": "099720109477/ubuntu/images/hvm-ssd/ubuntu-focal-20.04-amd64-server-20210907",
            "image_owner_alias": null,
            "image_type": "machine",
            "kernel_id": null,
            "most_recent": true,
            "name": "ubuntu/images/hvm-ssd/ubuntu-focal-20.04-amd64-server-20210907",
            "name_regex": null,
            "owner_id": "099720109477",
            "owners": [
              "099720109477"
            ],
            "platform": null,
            "platform_details": "Linux/UNIX",
            "product_codes": [],
            "public": true,
            "ramdisk_id": null,
            "root_device_name": "/dev/sda1",
            "root_device_type": "ebs",
            "root_snapshot_id": "snap-06e88d78b636b5fbc",
            "sriov_net_support": "simple",
            "state": "available",
            "state_reason": {
              "code": "UNSET",
              "message": "UNSET"
            },
            "tags": {},
            "usage_operation": "RunInstances",
            "virtualization_type": "hvm"
          },
          "sensitive_attributes": []
        }
      ]
    },
    {
      "mode": "managed",
      "type": "aws_default_route_table",
      "name": "default-route-table",
      "provider": "provider[\"registry.terraform.io/hashicorp/aws\"]",
      "instances": [
        {
          "schema_version": 0,
          "attributes": {
            "arn": "arn:aws:ec2:us-east-1:909005389237:route-table/rtb-0e6e6a3c5fd7c2178",
            "default_route_table_id": "rtb-0e6e6a3c5fd7c2178",
            "id": "rtb-0e6e6a3c5fd7c2178",
            "owner_id": "909005389237",
            "propagating_vgws": [],
            "route": [
              {
                "cidr_block": "0.0.0.0/0",
                "destination_prefix_list_id": "",
                "egress_only_gateway_id": "",
                "gateway_id": "igw-0a01d9a952bc50f76",
                "instance_id": "",
                "ipv6_cidr_block": "",
                "nat_gateway_id": "",
                "network_interface_id": "",
                "transit_gateway_id": "",
                "vpc_endpoint_id": "",
                "vpc_peering_connection_id": ""
              }
            ],
            "tags": {
              "Name": "terraform_vpc_route_table_default"
            },
            "tags_all": {
              "Name": "terraform_vpc_route_table_default"
            },
            "vpc_id": "vpc-089863aa3033db500"
          },
          "sensitive_attributes": [],
          "private": "bnVsbA==",
          "dependencies": [
            "aws_internet_gateway.terraform_vpc_gateway",
            "aws_vpc.mesh_vpc"
          ]
        }
      ]
    },
    {
      "mode": "managed",
      "type": "aws_instance",
      "name": "run_server",
      "provider": "provider[\"registry.terraform.io/hashicorp/aws\"]",
      "instances": []
    },
    {
      "mode": "managed",
      "type": "aws_internet_gateway",
      "name": "terraform_vpc_gateway",
      "provider": "provider[\"registry.terraform.io/hashicorp/aws\"]",
      "instances": [
        {
          "schema_version": 0,
          "attributes": {
            "arn": "arn:aws:ec2:us-east-1:909005389237:internet-gateway/igw-0a01d9a952bc50f76",
            "id": "igw-0a01d9a952bc50f76",
            "owner_id": "909005389237",
            "tags": {
              "Name": "terraform_vpc_gateway"
            },
            "tags_all": {
              "Name": "terraform_vpc_gateway"
            },
            "vpc_id": "vpc-089863aa3033db500"
          },
          "sensitive_attributes": [],
          "private": "bnVsbA==",
          "dependencies": [
            "aws_vpc.mesh_vpc"
          ]
        }
      ]
    },
    {
      "mode": "managed",
      "type": "aws_key_pair",
      "name": "terraform_key",
      "provider": "provider[\"registry.terraform.io/hashicorp/aws\"]",
      "instances": [
        {
          "status": "tainted",
          "schema_version": 1,
          "attributes": {
            "arn": "arn:aws:ec2:us-east-1:909005389237:key-pair/terraform",
            "fingerprint": "65:9e:ef:06:d5:20:17:67:b6:0f:a4:e0:94:06:69:43",
            "id": "terraform",
            "key_name": "terraform",
            "key_name_prefix": null,
            "key_pair_id": "key-02c05bdfd5e4d655e",
            "public_key": "ssh-rsa AAAAB3NzaC1yc2EAAAADAQABAAACAQCdktD8xxKgWay94pItzlrSszEumoRdwKk8MCp0YTYQ0QccT3oGTVdUIe+awj4pSEIdqNPEoisGjBzh6XgSAEcGfKhchP1ZfWFRMcocmbqDBR49/AHVm8osSnjc/Ib+qjPETDBAiP496ZLocnHrfTZPKOj2pCj46JyDO8KBujspewp6xqM3lGG8orCn97D0f5/TNd/Qb/wnnfDJmgTjE4un/hRzikSXBqyNM0B2IkMeli8xPz+jM64kWlrJHhukykx6kHxUL17WGlHR4ANmy3Z44Uu9z4Fd/LcM3dR+gwGACWXVniCxPgn6dEGTBGX+F/CxC+yJ2GWY7NnQDrQ3rZf12A8su10eLmXhiyY5nDdHY4c8afasC1px6PSAvecqEYRAGTxTXsihvUuGxnfVV+qoLw+I5NX1ypj1RMCeB/SwcRcKDOonZ85wsCPYovgLmpaEj25JaN9yxWqr6/tmpr/T8/WN5mqW3nkahLApSdR7Bp27yLgJqSgcFhFMut+DTM+D9nhViKjMom7XUkY3KRjlPxRQ5NBfDXz/PiUv3EDD2bdyghC8H2K+NWh5Y00MtMxDy3kGyT7vbCY34iyYBEeCzRbhx7spLMkw4Yfdu7d5ZOVo1CEJQQHfkxZE0W69DCIQt+iiLhEVjsHQo6fx/CjrAC+MwfHl7ewevSZAugZvjw==",
            "tags": null,
            "tags_all": {}
          },
          "sensitive_attributes": [],
          "private": "eyJzY2hlbWFfdmVyc2lvbiI6IjEifQ==",
          "dependencies": [
            "tls_private_key.rsa_gen"
          ]
        }
      ]
    },
    {
      "mode": "managed",
      "type": "aws_route_table",
      "name": "terraform_vpc_route_table",
      "provider": "provider[\"registry.terraform.io/hashicorp/aws\"]",
      "instances": [
        {
          "schema_version": 0,
          "attributes": {
            "arn": "arn:aws:ec2:us-east-1:909005389237:route-table/rtb-0d7e0695246fa8477",
            "id": "rtb-0d7e0695246fa8477",
            "owner_id": "909005389237",
            "propagating_vgws": [],
            "route": [
              {
                "carrier_gateway_id": "",
                "cidr_block": "0.0.0.0/0",
                "destination_prefix_list_id": "",
                "egress_only_gateway_id": "",
                "gateway_id": "igw-0a01d9a952bc50f76",
                "instance_id": "",
                "ipv6_cidr_block": "",
                "local_gateway_id": "",
                "nat_gateway_id": "",
                "network_interface_id": "",
                "transit_gateway_id": "",
                "vpc_endpoint_id": "",
                "vpc_peering_connection_id": ""
              }
            ],
            "tags": {
              "Name": "terraform_vpc_route_table"
            },
            "tags_all": {
              "Name": "terraform_vpc_route_table"
            },
            "vpc_id": "vpc-089863aa3033db500"
          },
          "sensitive_attributes": [],
          "private": "bnVsbA==",
          "dependencies": [
            "aws_internet_gateway.terraform_vpc_gateway",
            "aws_vpc.mesh_vpc"
          ]
        }
      ]
    },
    {
      "mode": "managed",
      "type": "aws_route_table_association",
      "name": "subnetassociation-igwA",
      "provider": "provider[\"registry.terraform.io/hashicorp/aws\"]",
      "instances": [
        {
          "schema_version": 0,
          "attributes": {
            "gateway_id": "",
            "id": "rtbassoc-0d61e0573bb7e9901",
            "route_table_id": "rtb-0d7e0695246fa8477",
            "subnet_id": "subnet-082d94b209993a084"
          },
          "sensitive_attributes": [],
          "private": "bnVsbA==",
          "dependencies": [
            "aws_vpc.mesh_vpc",
            "aws_internet_gateway.terraform_vpc_gateway",
            "aws_route_table.terraform_vpc_route_table",
            "aws_subnet.avail_zone"
          ]
        }
      ]
    },
    {
      "mode": "managed",
      "type": "aws_s3_bucket",
      "name": "terraform_bucket",
      "provider": "provider[\"registry.terraform.io/hashicorp/aws\"]",
      "instances": [
        {
          "schema_version": 0,
          "attributes": {
            "acceleration_status": "",
            "acl": "public-read",
            "arn": "arn:aws:s3:::s3-terraform.com",
            "bucket": "s3-terraform.com",
            "bucket_domain_name": "s3-terraform.com.s3.amazonaws.com",
            "bucket_prefix": null,
            "bucket_regional_domain_name": "s3-terraform.com.s3.amazonaws.com",
            "cors_rule": [],
            "force_destroy": false,
            "grant": [],
            "hosted_zone_id": "Z3AQBSTGFYJSTF",
            "id": "s3-terraform.com",
            "lifecycle_rule": [],
            "logging": [],
            "object_lock_configuration": [],
            "policy": null,
            "region": "us-east-1",
            "replication_configuration": [],
            "request_payer": "BucketOwner",
            "server_side_encryption_configuration": [],
            "tags": {
              "Env": "prod",
              "Name": "terraform_bucket"
            },
            "tags_all": {
              "Env": "prod",
              "Name": "terraform_bucket"
            },
            "versioning": [
              {
                "enabled": false,
                "mfa_delete": false
              }
            ],
            "website": [],
            "website_domain": null,
            "website_endpoint": null
          },
          "sensitive_attributes": [],
          "private": "bnVsbA=="
        }
      ]
    },
    {
      "mode": "managed",
      "type": "aws_s3_bucket_object",
      "name": "push_object",
      "provider": "provider[\"registry.terraform.io/hashicorp/aws\"]",
      "instances": [
        {
          "schema_version": 0,
          "attributes": {
            "acl": "private",
            "bucket": "s3-terraform.com",
            "bucket_key_enabled": false,
            "cache_control": "",
            "content": null,
            "content_base64": null,
            "content_disposition": "",
            "content_encoding": "",
            "content_language": "",
            "content_type": "binary/octet-stream",
            "etag": "c232c376b72ae58487a21762298c8fac",
            "force_destroy": false,
            "id": "load_balancer",
            "key": "load_balancer",
            "kms_key_id": null,
            "metadata": {},
            "object_lock_legal_hold_status": "",
            "object_lock_mode": "",
            "object_lock_retain_until_date": "",
            "server_side_encryption": "",
            "source": "./terraform.tfstate",
            "source_hash": null,
            "storage_class": "STANDARD",
            "tags": {},
            "tags_all": {},
            "version_id": "",
            "website_redirect": ""
          },
          "sensitive_attributes": [],
          "private": "bnVsbA=="
        }
      ]
    },
    {
      "mode": "managed",
      "type": "aws_security_group",
      "name": "nginx-dep",
      "provider": "provider[\"registry.terraform.io/hashicorp/aws\"]",
      "instances": [
        {
          "schema_version": 1,
          "attributes": {
            "arn": "arn:aws:ec2:us-east-1:909005389237:security-group/sg-02c7979758805fdc1",
            "description": "Managed by Terraform",
            "egress": [
              {
                "cidr_blocks": [
                  "0.0.0.0/0"
                ],
                "description": "",
                "from_port": 0,
                "ipv6_cidr_blocks": [],
                "prefix_list_ids": [],
                "protocol": "-1",
                "security_groups": [],
                "self": false,
                "to_port": 0
              }
            ],
            "id": "sg-02c7979758805fdc1",
            "ingress": [
              {
                "cidr_blocks": [
                  "0.0.0.0/0"
                ],
                "description": "",
                "from_port": 22,
                "ipv6_cidr_blocks": [],
                "prefix_list_ids": [],
                "protocol": "tcp",
                "security_groups": [],
                "self": false,
                "to_port": 22
              },
              {
                "cidr_blocks": [
                  "0.0.0.0/0"
                ],
                "description": "",
                "from_port": 9000,
                "ipv6_cidr_blocks": [],
                "prefix_list_ids": [],
                "protocol": "tcp",
                "security_groups": [],
                "self": false,
                "to_port": 9000
              }
            ],
            "name": "nginx-dep",
            "name_prefix": "",
            "owner_id": "909005389237",
            "revoke_rules_on_delete": false,
            "tags": {
              "Name": "custom_vpc security Group"
            },
            "tags_all": {
              "Name": "custom_vpc security Group"
            },
            "timeouts": null,
            "vpc_id": "vpc-089863aa3033db500"
          },
          "sensitive_attributes": [],
          "private": "eyJlMmJmYjczMC1lY2FhLTExZTYtOGY4OC0zNDM2M2JjN2M0YzAiOnsiY3JlYXRlIjo2MDAwMDAwMDAwMDAsImRlbGV0ZSI6OTAwMDAwMDAwMDAwfSwic2NoZW1hX3ZlcnNpb24iOiIxIn0=",
          "dependencies": [
            "aws_vpc.mesh_vpc"
          ]
        }
      ]
    },
    {
      "mode": "managed",
      "type": "aws_subnet",
      "name": "avail_zone",
      "provider": "provider[\"registry.terraform.io/hashicorp/aws\"]",
      "instances": [
        {
          "schema_version": 1,
          "attributes": {
            "arn": "arn:aws:ec2:us-east-1:909005389237:subnet/subnet-082d94b209993a084",
            "assign_ipv6_address_on_creation": false,
            "availability_zone": "us-east-1a",
            "availability_zone_id": "use1-az2",
            "cidr_block": "10.0.0.0/24",
            "customer_owned_ipv4_pool": "",
            "id": "subnet-082d94b209993a084",
            "ipv6_cidr_block": "",
            "ipv6_cidr_block_association_id": "",
            "map_customer_owned_ip_on_launch": false,
            "map_public_ip_on_launch": false,
            "outpost_arn": "",
            "owner_id": "909005389237",
            "tags": {
              "Name": "terraform-vpc-subnet_resource",
              "envFor": "eks-clusterName1"
            },
            "tags_all": {
              "Name": "terraform-vpc-subnet_resource",
              "envFor": "eks-clusterName1"
            },
            "timeouts": null,
            "vpc_id": "vpc-089863aa3033db500"
          },
          "sensitive_attributes": [],
          "private": "eyJlMmJmYjczMC1lY2FhLTExZTYtOGY4OC0zNDM2M2JjN2M0YzAiOnsiY3JlYXRlIjo2MDAwMDAwMDAwMDAsImRlbGV0ZSI6MTIwMDAwMDAwMDAwMH0sInNjaGVtYV92ZXJzaW9uIjoiMSJ9",
          "dependencies": [
            "aws_vpc.mesh_vpc"
          ]
        }
      ]
    },
    {
      "mode": "managed",
      "type": "aws_subnet",
      "name": "data_subnet",
      "provider": "provider[\"registry.terraform.io/hashicorp/aws\"]",
      "instances": [
        {
          "schema_version": 1,
          "attributes": {
            "arn": "arn:aws:ec2:us-east-1:909005389237:subnet/subnet-0442c6ff35bdd058e",
            "assign_ipv6_address_on_creation": false,
            "availability_zone": "us-east-1c",
            "availability_zone_id": "use1-az6",
            "cidr_block": "10.0.2.0/24",
            "customer_owned_ipv4_pool": "",
            "id": "subnet-0442c6ff35bdd058e",
            "ipv6_cidr_block": "",
            "ipv6_cidr_block_association_id": "",
            "map_customer_owned_ip_on_launch": false,
            "map_public_ip_on_launch": false,
            "outpost_arn": "",
            "owner_id": "909005389237",
            "tags": {
              "Name": "terraform-vpc-subnet_resource_data",
              "envFor": "eks-cluster"
            },
            "tags_all": {
              "Name": "terraform-vpc-subnet_resource_data",
              "envFor": "eks-cluster"
            },
            "timeouts": null,
            "vpc_id": "vpc-089863aa3033db500"
          },
          "sensitive_attributes": [],
          "private": "eyJlMmJmYjczMC1lY2FhLTExZTYtOGY4OC0zNDM2M2JjN2M0YzAiOnsiY3JlYXRlIjo2MDAwMDAwMDAwMDAsImRlbGV0ZSI6MTIwMDAwMDAwMDAwMH0sInNjaGVtYV92ZXJzaW9uIjoiMSJ9",
          "dependencies": [
            "aws_vpc.mesh_vpc"
          ]
        }
      ]
    },
    {
      "mode": "managed",
      "type": "aws_vpc",
      "name": "mesh_vpc",
      "provider": "provider[\"registry.terraform.io/hashicorp/aws\"]",
      "instances": [
        {
          "schema_version": 1,
          "attributes": {
            "arn": "arn:aws:ec2:us-east-1:909005389237:vpc/vpc-089863aa3033db500",
            "assign_generated_ipv6_cidr_block": false,
            "cidr_block": "10.0.0.0/16",
            "default_network_acl_id": "acl-0f4d820146a95df6d",
            "default_route_table_id": "rtb-0e6e6a3c5fd7c2178",
            "default_security_group_id": "sg-0a074478ae9e4bd73",
            "dhcp_options_id": "dopt-0cb8e076",
            "enable_classiclink": false,
            "enable_classiclink_dns_support": false,
            "enable_dns_hostnames": false,
            "enable_dns_support": true,
            "id": "vpc-089863aa3033db500",
            "instance_tenancy": "default",
            "ipv6_association_id": "",
            "ipv6_cidr_block": "",
            "main_route_table_id": "rtb-0e6e6a3c5fd7c2178",
            "owner_id": "909005389237",
            "tags": {
              "Name": "terraform-vpc",
              "env": "eks-cluster",
              "vpc_name": "private_route_table"
            },
            "tags_all": {
              "Name": "terraform-vpc",
              "env": "eks-cluster",
              "vpc_name": "private_route_table"
            }
          },
          "sensitive_attributes": [],
          "private": "eyJzY2hlbWFfdmVyc2lvbiI6IjEifQ=="
        }
      ]
    },
    {
      "mode": "managed",
      "type": "tls_private_key",
      "name": "rsa_gen",
      "provider": "provider[\"registry.terraform.io/hashicorp/tls\"]",
      "instances": [
        {
          "schema_version": 0,
          "attributes": {
            "algorithm": "RSA",
            "ecdsa_curve": "P224",
            "id": "7ebd0b062cc9aa640a58d1d3598f7e48b5e1b457",
            "private_key_pem": "-----BEGIN RSA PRIVATE KEY-----\nMIIJKQIBAAKCAgEAnZLQ/McSoFmsveKSLc5a0rMxLpqEXcCpPDAqdGE2ENEHHE96\nBk1XVCHvmsI+KUhCHajTxKIrBowc4el4EgBHBnyoXIT9WX1hUTHKHJm6gwUePfwB\n1ZvKLEp43PyG/qozxEwwQIj+PemS6HJx6302Tyjo9qQo+OicgzvCgbo7KXsKesaj\nN5RhvKKwp/ew9H+f0zXf0G/8J53wyZoE4xOLp/4Uc4pElwasjTNAdiJDHpYvMT8/\nozOuJFpayR4bpMpMepB8VC9e1hpR0eADZst2eOFLvc+BXfy3DN3UfoMBgAll1Z4g\nsT4J+nRBkwRl/hfwsQvsidhlmOzZ0A60N62X9dgPLLtdHi5l4YsmOZw3R2OHPGn2\nrAtacej0gL3nKhGEQBk8U17Iob1LhsZ31VfqqC8PiOTV9cqY9UTAngf0sHEXCgzq\nJ2fOcLAj2KL4C5qWhI9uSWjfcsVqq+v7Zqa/0/P1jeZqlt55GoSwKUnUewadu8i4\nCakoHBYRTLrfg0zPg/Z4VYiozKJu11JGNykY5T8UUOTQXw18/z4lL9xAw9m3coIQ\nvB9ivjVoeWNNDLTMQ8t5Bsk+72wmN+IsmARHgs0W4ce7KSzJMOGH3bu3eWTlaNQh\nCUEB35MWRNFuvQwiELfooi4RFY7B0KOn8fwo6wAvjMHx5e3sHr0mQLoGb48CAwEA\nAQKCAgBuustNtv8p25p+XYdn1QkR44Z+P2shDtBeUWKkIeQCcUFT7a3MW/EwWCCu\nWi2giPydJxSZq3Qcx71MK+qKi9NdhaAyU+pNRsRqcFidPJJKnAAigsMvPqkV8sd4\nU6TxtN1n5jpKP3qaO1dXLYVMfNL7Ub5UBAwezieeORJ4Y0xL3AEDQi9UUVtVWeZW\nQsMBLeY8YDGFogxKMr0QjsE8aXHMfcoVX2bP0orTNt7npTARgGxtaQrpPtnzBeOi\nTRwT821G+93Csv8r6Zbxqz/4rqX0UC4PlpBMYdionAJFXP5i4TfEo7hJlVUhwSyL\niZ26r0wevkhcncrXaimuAYc3US/lIsRfsyrcmf8qLOmZKe/4YFxJjnk+KXiLPEj9\nBgSW2G7QBYb2X8d8/qPAkG7pTCEvRFpS6OMMG7Xy7hYJ2eK/zLRQfQwYICIqwBIS\nVCVHvGlfr1MW0jPWhQm7MI52Q4KzfDVhRIIi0HDuuo3zzZAvRy9I4xjp96bc6IOY\ns40xvZwJuXZUezJWhGWuWcpXLppZmTPQQ8o7sb9RjQDSQjiLZLjhnSERo4eFMwdY\nxVVl5SXGAFrTBg8pc2/PG3BWJ803N+I158Cq5UdrGL6Xy5hdTV/TJ7WtG2dV4Zlc\n6Lz30YXOm4iugl0saBfLoLtl2FoEx8B1HvU2Ch76yJkOqo3kMQKCAQEAyjyFpeu7\nCT2w0FfDP6P/TfCssSABx1m+Sz8Cliw/6J4aMxBhN26aHjKuQaebW6HmVz0TS1D5\nOKAOXzkNAuVRAA9i0PmPai6hS//gq0tZ3Em1CdFuMeC2ZxC+NslqWmIwXmhk+NmF\nVFzke8iMGp350AIfGQYpDaw2Pnlo816rOvzALJJh6up7nNe8ONGVIocyRJ+L2cW1\ntpGyneSwOzrP7g93+vVF/suTi/EDSztcZisekH8EE/hqG0mXiVcur+GKog3LsOBf\nokkLFAnk4mzUeSr7IwzhJbaJBINSTDUI9oZa/t0cj7dlDxleRCA1NyTv24zzmSg/\nE7xCjJ1UID4FwwKCAQEAx3ayvMGlHGXV1WOwyTr2nULQixMvQklnx57IqIb1VpI1\nkp56Td/KMny3uLN9VCzx4kN7mKnm4xhzE1PqXAcrgQ9+2SXC+voIrX/iiwbNJkCl\nzj0AXKg3YKa0NQOFfKpawqCppUu+iK1uUy/z7MlfL77MVVKeIiTsZM2zx3h0TxH4\niEWjpsb9WStuCb4uHE5ktA2R6p7exRCGM30PHYLhiVUeb9W06jstZ6jpnGjUvzS4\n6bnma6qOxf+qUs+kzpIcYecoPoHVXsYvYo5Bi1jCIKyP6eJKaKs36YePcRTVyiJo\nSGWBfPpMSmeUESh4JLQhMv3vEQzcpyy7KYVK/U12RQKCAQEAspI2QIeho0tBsPWN\nhcg9SojVM6FbcLchfDerBQcVd0UDRUuVS+jxVPDTRU3FtGeEiEt5metp5EIP7qzl\nfEUX/MGZM4ToyY1bB0xtCVODiSvcG0s9zfTpmqACFUZMDnrc0r/DSKhpPlC3v0UZ\n0Pbk+nKlGueBoH0LeKajsSFKeM9ssO6gX1mkxJ0JqfIFiXNvQ4DNcAFPrmGAIkMo\nCWSo7T/jZUjmAVGoeszZZ7iGogA5AMXmx+t1ZZrZn3/Hza2NSAJ+dTPpvdZZXdxO\nqlAGXOdC0XQx6ab/3WhHZtr9ixCfkKOU8KGzLl3sCqOV2ZdX47jV78rFx5tX9+mD\nuuSJGQKCAQAu9vTY2uOMjzHNH771cqu0lZHS3T6IZg5Ig0uN2tEThDOXBTeY9HOA\ndbswgxqkYjzF4MvOQ1r4573YtC5/YrTMm6Brcqe5PnwilfT6dSyCsEAaEmTubDE1\n0aqmvOCGXPonz3qCUBZZyjQq5CSUAUonTM6B3IUdVwJOLd0Bv4vrPjj9pSAGWd43\nS7GKG7xxr8eoWXWc/7FGR0DCCNUxRqriEierf28so6hqOuxehpRpPPm5Fqt5eFxL\npIovG3MbrG2AY9Qm+50IxrNLimFGdSyoUtlD4aNRh9cPZnrQzm4UPQu+2B+oFKs3\n7bGAZL39LmiOwBm1MwkVV8Pt39OrVrzdAoIBAQCKBpZPAxYInlP3QVcfuKneZ1ZX\nGzN+3IcPtckdq1MHlg39xsFtUrxyCHzeLASpOqYnPXsvsF5JQ0EfZBpo3tdPD5gO\naMEP9AIPlOezKQZ5ap2Nzxwpw1j70qun4jdtQmt3OZgO+yWYchRnpL5YjAwMi5bF\nxqIXAsYcun53MV4mucMT/xISy8Oe/UfvrQGqNLQDtwGHfOojdDt4E1DmLvx+VwwT\n44JKNAGhJdgDrw+7xO7jM2deYPS7dizw3EcJRCIU9ke6fCPT+IKVrz6y3qKiz+/S\nlH8dGTtEy1CnzOMjlUjTwYhjVXiasIpnSKRBAtGr/GdCo7J0/59N/RoE4CDl\n-----END RSA PRIVATE KEY-----\n",
            "public_key_fingerprint_md5": "35:05:94:5c:46:73:54:c3:90:07:f9:1c:ae:a6:50:1e",
            "public_key_openssh": "ssh-rsa AAAAB3NzaC1yc2EAAAADAQABAAACAQCdktD8xxKgWay94pItzlrSszEumoRdwKk8MCp0YTYQ0QccT3oGTVdUIe+awj4pSEIdqNPEoisGjBzh6XgSAEcGfKhchP1ZfWFRMcocmbqDBR49/AHVm8osSnjc/Ib+qjPETDBAiP496ZLocnHrfTZPKOj2pCj46JyDO8KBujspewp6xqM3lGG8orCn97D0f5/TNd/Qb/wnnfDJmgTjE4un/hRzikSXBqyNM0B2IkMeli8xPz+jM64kWlrJHhukykx6kHxUL17WGlHR4ANmy3Z44Uu9z4Fd/LcM3dR+gwGACWXVniCxPgn6dEGTBGX+F/CxC+yJ2GWY7NnQDrQ3rZf12A8su10eLmXhiyY5nDdHY4c8afasC1px6PSAvecqEYRAGTxTXsihvUuGxnfVV+qoLw+I5NX1ypj1RMCeB/SwcRcKDOonZ85wsCPYovgLmpaEj25JaN9yxWqr6/tmpr/T8/WN5mqW3nkahLApSdR7Bp27yLgJqSgcFhFMut+DTM+D9nhViKjMom7XUkY3KRjlPxRQ5NBfDXz/PiUv3EDD2bdyghC8H2K+NWh5Y00MtMxDy3kGyT7vbCY34iyYBEeCzRbhx7spLMkw4Yfdu7d5ZOVo1CEJQQHfkxZE0W69DCIQt+iiLhEVjsHQo6fx/CjrAC+MwfHl7ewevSZAugZvjw==\n",
            "public_key_pem": "-----BEGIN PUBLIC KEY-----\nMIICIjANBgkqhkiG9w0BAQEFAAOCAg8AMIICCgKCAgEAnZLQ/McSoFmsveKSLc5a\n0rMxLpqEXcCpPDAqdGE2ENEHHE96Bk1XVCHvmsI+KUhCHajTxKIrBowc4el4EgBH\nBnyoXIT9WX1hUTHKHJm6gwUePfwB1ZvKLEp43PyG/qozxEwwQIj+PemS6HJx6302\nTyjo9qQo+OicgzvCgbo7KXsKesajN5RhvKKwp/ew9H+f0zXf0G/8J53wyZoE4xOL\np/4Uc4pElwasjTNAdiJDHpYvMT8/ozOuJFpayR4bpMpMepB8VC9e1hpR0eADZst2\neOFLvc+BXfy3DN3UfoMBgAll1Z4gsT4J+nRBkwRl/hfwsQvsidhlmOzZ0A60N62X\n9dgPLLtdHi5l4YsmOZw3R2OHPGn2rAtacej0gL3nKhGEQBk8U17Iob1LhsZ31Vfq\nqC8PiOTV9cqY9UTAngf0sHEXCgzqJ2fOcLAj2KL4C5qWhI9uSWjfcsVqq+v7Zqa/\n0/P1jeZqlt55GoSwKUnUewadu8i4CakoHBYRTLrfg0zPg/Z4VYiozKJu11JGNykY\n5T8UUOTQXw18/z4lL9xAw9m3coIQvB9ivjVoeWNNDLTMQ8t5Bsk+72wmN+IsmARH\ngs0W4ce7KSzJMOGH3bu3eWTlaNQhCUEB35MWRNFuvQwiELfooi4RFY7B0KOn8fwo\n6wAvjMHx5e3sHr0mQLoGb48CAwEAAQ==\n-----END PUBLIC KEY-----\n",
            "rsa_bits": 4096
          },
          "sensitive_attributes": [],
          "private": "bnVsbA=="
        }
      ]
    }
  ]
}
